
Microsoft Visual Studio Solution File, Format Version 12.00
# Visual Studio Version 17
VisualStudioVersion = 17.5.33627.172
MinimumVisualStudioVersion = 10.0.40219.1
Project("{8BC9CEB8-8B4A-11D0-8D11-00A0C91BC942}") = "Homework0519", "Homework0519\Homework0519.vcxproj", "{5796485F-4034-4C98-8318-F6D2AAE1A9A9}"
EndProject
Project("{8BC9CEB8-8B4A-11D0-8D11-00A0C91BC942}") = "Homework0518", "Homwork0518\Homwork0518.vcxproj", "{CC308B62-9435-4EDC-A98E-3AEB2D880985}"
EndProject
Project("{8BC9CEB8-8B4A-11D0-8D11-00A0C91BC942}") = "HomeWork0522", "HomeWork0522\HomeWork0522.vcxproj", "{507CAE53-21DE-4D61-9FD8-26971673DAEE}"
EndProject
Project("{8BC9CEB8-8B4A-11D0-8D11-00A0C91BC942}") = "Homework0523", "Homework23\Homework23.vcxproj", "{872818B2-37D7-4927-B891-98E4DFA28245}"
EndProject
Project("{8BC9CEB8-8B4A-11D0-8D11-00A0C91BC942}") = "Homework0524", "Homework0524\Homework0524.vcxproj", "{EAD371E6-D32B-4C7A-BCB8-E79815915272}"
EndProject
Project("{8BC9CEB8-8B4A-11D0-8D11-00A0C91BC942}") = "HomeWork0525", "HomeWork0525\HomeWork0525.vcxproj", "{F91AA27C-C4F9-4DA7-A50A-13E30A0CB400}"
EndProject
Project("{8BC9CEB8-8B4A-11D0-8D11-00A0C91BC942}") = "Homework0526", "Homework0526\Homework0526.vcxproj", "{A9919B57-F465-43DD-8A4A-9C2AF7BB5D41}"
EndProject
Project("{8BC9CEB8-8B4A-11D0-8D11-00A0C91BC942}") = "Homework0601", "Homework0527\Homework0527.vcxproj", "{BDE705FE-427A-45DC-8365-7BA57A5D97B0}"
EndProject
Project("{8BC9CEB8-8B4A-11D0-8D11-00A0C91BC942}") = "Homework0602", "Homework0602\Homework0602.vcxproj", "{E998191C-E87B-4554-B9C4-A8EF9E412243}"
EndProject
Project("{8BC9CEB8-8B4A-11D0-8D11-00A0C91BC942}") = "Homework0612", "Homework0612\Homework0612.vcxproj", "{92FB4E50-C023-4EE7-B8E1-352EF5E2BC14}"
EndProject
Global
	GlobalSection(SolutionConfigurationPlatforms) = preSolution
		Debug|Any CPU = Debug|Any CPU
		Debug|x64 = Debug|x64
		Debug|x86 = Debug|x86
		Release|Any CPU = Release|Any CPU
		Release|x64 = Release|x64
		Release|x86 = Release|x86
	EndGlobalSection
	GlobalSection(ProjectConfigurationPlatforms) = postSolution
		{5796485F-4034-4C98-8318-F6D2AAE1A9A9}.Debug|Any CPU.ActiveCfg = Debug|x64
		{5796485F-4034-4C98-8318-F6D2AAE1A9A9}.Debug|Any CPU.Build.0 = Debug|x64
		{5796485F-4034-4C98-8318-F6D2AAE1A9A9}.Debug|x64.ActiveCfg = Debug|x64
		{5796485F-4034-4C98-8318-F6D2AAE1A9A9}.Debug|x64.Build.0 = Debug|x64
		{5796485F-4034-4C98-8318-F6D2AAE1A9A9}.Debug|x86.ActiveCfg = Debug|Win32
		{5796485F-4034-4C98-8318-F6D2AAE1A9A9}.Debug|x86.Build.0 = Debug|Win32
		{5796485F-4034-4C98-8318-F6D2AAE1A9A9}.Release|Any CPU.ActiveCfg = Release|x64
		{5796485F-4034-4C98-8318-F6D2AAE1A9A9}.Release|Any CPU.Build.0 = Release|x64
		{5796485F-4034-4C98-8318-F6D2AAE1A9A9}.Release|x64.ActiveCfg = Release|x64
		{5796485F-4034-4C98-8318-F6D2AAE1A9A9}.Release|x64.Build.0 = Release|x64
		{5796485F-4034-4C98-8318-F6D2AAE1A9A9}.Release|x86.ActiveCfg = Release|Win32
		{5796485F-4034-4C98-8318-F6D2AAE1A9A9}.Release|x86.Build.0 = Release|Win32
		{CC308B62-9435-4EDC-A98E-3AEB2D880985}.Debug|Any CPU.ActiveCfg = Debug|x64
		{CC308B62-9435-4EDC-A98E-3AEB2D880985}.Debug|Any CPU.Build.0 = Debug|x64
		{CC308B62-9435-4EDC-A98E-3AEB2D880985}.Debug|x64.ActiveCfg = Debug|x64
		{CC308B62-9435-4EDC-A98E-3AEB2D880985}.Debug|x64.Build.0 = Debug|x64
		{CC308B62-9435-4EDC-A98E-3AEB2D880985}.Debug|x86.ActiveCfg = Debug|Win32
		{CC308B62-9435-4EDC-A98E-3AEB2D880985}.Debug|x86.Build.0 = Debug|Win32
		{CC308B62-9435-4EDC-A98E-3AEB2D880985}.Release|Any CPU.ActiveCfg = Release|x64
		{CC308B62-9435-4EDC-A98E-3AEB2D880985}.Release|Any CPU.Build.0 = Release|x64
		{CC308B62-9435-4EDC-A98E-3AEB2D880985}.Release|x64.ActiveCfg = Release|x64
		{CC308B62-9435-4EDC-A98E-3AEB2D880985}.Release|x64.Build.0 = Release|x64
		{CC308B62-9435-4EDC-A98E-3AEB2D880985}.Release|x86.ActiveCfg = Release|Win32
		{CC308B62-9435-4EDC-A98E-3AEB2D880985}.Release|x86.Build.0 = Release|Win32
		{507CAE53-21DE-4D61-9FD8-26971673DAEE}.Debug|Any CPU.ActiveCfg = Debug|x64
		{507CAE53-21DE-4D61-9FD8-26971673DAEE}.Debug|Any CPU.Build.0 = Debug|x64
		{507CAE53-21DE-4D61-9FD8-26971673DAEE}.Debug|x64.ActiveCfg = Debug|x64
		{507CAE53-21DE-4D61-9FD8-26971673DAEE}.Debug|x64.Build.0 = Debug|x64
		{507CAE53-21DE-4D61-9FD8-26971673DAEE}.Debug|x86.ActiveCfg = Debug|Win32
		{507CAE53-21DE-4D61-9FD8-26971673DAEE}.Debug|x86.Build.0 = Debug|Win32
		{507CAE53-21DE-4D61-9FD8-26971673DAEE}.Release|Any CPU.ActiveCfg = Release|x64
		{507CAE53-21DE-4D61-9FD8-26971673DAEE}.Release|Any CPU.Build.0 = Release|x64
		{507CAE53-21DE-4D61-9FD8-26971673DAEE}.Release|x64.ActiveCfg = Release|x64
		{507CAE53-21DE-4D61-9FD8-26971673DAEE}.Release|x64.Build.0 = Release|x64
		{507CAE53-21DE-4D61-9FD8-26971673DAEE}.Release|x86.ActiveCfg = Release|Win32
		{507CAE53-21DE-4D61-9FD8-26971673DAEE}.Release|x86.Build.0 = Release|Win32
		{872818B2-37D7-4927-B891-98E4DFA28245}.Debug|Any CPU.ActiveCfg = Debug|x64
		{872818B2-37D7-4927-B891-98E4DFA28245}.Debug|Any CPU.Build.0 = Debug|x64
		{872818B2-37D7-4927-B891-98E4DFA28245}.Debug|x64.ActiveCfg = Debug|x64
		{872818B2-37D7-4927-B891-98E4DFA28245}.Debug|x64.Build.0 = Debug|x64
		{872818B2-37D7-4927-B891-98E4DFA28245}.Debug|x86.ActiveCfg = Debug|Win32
		{872818B2-37D7-4927-B891-98E4DFA28245}.Debug|x86.Build.0 = Debug|Win32
		{872818B2-37D7-4927-B891-98E4DFA28245}.Release|Any CPU.ActiveCfg = Release|x64
		{872818B2-37D7-4927-B891-98E4DFA28245}.Release|Any CPU.Build.0 = Release|x64
		{872818B2-37D7-4927-B891-98E4DFA28245}.Release|x64.ActiveCfg = Release|x64
		{872818B2-37D7-4927-B891-98E4DFA28245}.Release|x64.Build.0 = Release|x64
		{872818B2-37D7-4927-B891-98E4DFA28245}.Release|x86.ActiveCfg = Release|Win32
		{872818B2-37D7-4927-B891-98E4DFA28245}.Release|x86.Build.0 = Release|Win32
		{EAD371E6-D32B-4C7A-BCB8-E79815915272}.Debug|Any CPU.ActiveCfg = Debug|x64
		{EAD371E6-D32B-4C7A-BCB8-E79815915272}.Debug|Any CPU.Build.0 = Debug|x64
		{EAD371E6-D32B-4C7A-BCB8-E79815915272}.Debug|x64.ActiveCfg = Debug|x64
		{EAD371E6-D32B-4C7A-BCB8-E79815915272}.Debug|x64.Build.0 = Debug|x64
		{EAD371E6-D32B-4C7A-BCB8-E79815915272}.Debug|x86.ActiveCfg = Debug|Win32
		{EAD371E6-D32B-4C7A-BCB8-E79815915272}.Debug|x86.Build.0 = Debug|Win32
		{EAD371E6-D32B-4C7A-BCB8-E79815915272}.Release|Any CPU.ActiveCfg = Release|x64
		{EAD371E6-D32B-4C7A-BCB8-E79815915272}.Release|Any CPU.Build.0 = Release|x64
		{EAD371E6-D32B-4C7A-BCB8-E79815915272}.Release|x64.ActiveCfg = Release|x64
		{EAD371E6-D32B-4C7A-BCB8-E79815915272}.Release|x64.Build.0 = Release|x64
		{EAD371E6-D32B-4C7A-BCB8-E79815915272}.Release|x86.ActiveCfg = Release|Win32
		{EAD371E6-D32B-4C7A-BCB8-E79815915272}.Release|x86.Build.0 = Release|Win32
		{F91AA27C-C4F9-4DA7-A50A-13E30A0CB400}.Debug|Any CPU.ActiveCfg = Debug|x64
		{F91AA27C-C4F9-4DA7-A50A-13E30A0CB400}.Debug|Any CPU.Build.0 = Debug|x64
		{F91AA27C-C4F9-4DA7-A50A-13E30A0CB400}.Debug|x64.ActiveCfg = Debug|x64
		{F91AA27C-C4F9-4DA7-A50A-13E30A0CB400}.Debug|x64.Build.0 = Debug|x64
		{F91AA27C-C4F9-4DA7-A50A-13E30A0CB400}.Debug|x86.ActiveCfg = Debug|Win32
		{F91AA27C-C4F9-4DA7-A50A-13E30A0CB400}.Debug|x86.Build.0 = Debug|Win32
		{F91AA27C-C4F9-4DA7-A50A-13E30A0CB400}.Release|Any CPU.ActiveCfg = Release|x64
		{F91AA27C-C4F9-4DA7-A50A-13E30A0CB400}.Release|Any CPU.Build.0 = Release|x64
		{F91AA27C-C4F9-4DA7-A50A-13E30A0CB400}.Release|x64.ActiveCfg = Release|x64
		{F91AA27C-C4F9-4DA7-A50A-13E30A0CB400}.Release|x64.Build.0 = Release|x64
		{F91AA27C-C4F9-4DA7-A50A-13E30A0CB400}.Release|x86.ActiveCfg = Release|Win32
		{F91AA27C-C4F9-4DA7-A50A-13E30A0CB400}.Release|x86.Build.0 = Release|Win32
		{A9919B57-F465-43DD-8A4A-9C2AF7BB5D41}.Debug|Any CPU.ActiveCfg = Debug|x64
		{A9919B57-F465-43DD-8A4A-9C2AF7BB5D41}.Debug|Any CPU.Build.0 = Debug|x64
		{A9919B57-F465-43DD-8A4A-9C2AF7BB5D41}.Debug|x64.ActiveCfg = Debug|x64
		{A9919B57-F465-43DD-8A4A-9C2AF7BB5D41}.Debug|x64.Build.0 = Debug|x64
		{A9919B57-F465-43DD-8A4A-9C2AF7BB5D41}.Debug|x86.ActiveCfg = Debug|Win32
		{A9919B57-F465-43DD-8A4A-9C2AF7BB5D41}.Debug|x86.Build.0 = Debug|Win32
		{A9919B57-F465-43DD-8A4A-9C2AF7BB5D41}.Release|Any CPU.ActiveCfg = Release|x64
		{A9919B57-F465-43DD-8A4A-9C2AF7BB5D41}.Release|Any CPU.Build.0 = Release|x64
		{A9919B57-F465-43DD-8A4A-9C2AF7BB5D41}.Release|x64.ActiveCfg = Release|x64
		{A9919B57-F465-43DD-8A4A-9C2AF7BB5D41}.Release|x64.Build.0 = Release|x64
		{A9919B57-F465-43DD-8A4A-9C2AF7BB5D41}.Release|x86.ActiveCfg = Release|Win32
		{A9919B57-F465-43DD-8A4A-9C2AF7BB5D41}.Release|x86.Build.0 = Release|Win32
		{BDE705FE-427A-45DC-8365-7BA57A5D97B0}.Debug|Any CPU.ActiveCfg = Debug|x64
		{BDE705FE-427A-45DC-8365-7BA57A5D97B0}.Debug|Any CPU.Build.0 = Debug|x64
		{BDE705FE-427A-45DC-8365-7BA57A5D97B0}.Debug|x64.ActiveCfg = Debug|x64
		{BDE705FE-427A-45DC-8365-7BA57A5D97B0}.Debug|x64.Build.0 = Debug|x64
		{BDE705FE-427A-45DC-8365-7BA57A5D97B0}.Debug|x86.ActiveCfg = Debug|Win32
		{BDE705FE-427A-45DC-8365-7BA57A5D97B0}.Debug|x86.Build.0 = Debug|Win32
		{BDE705FE-427A-45DC-8365-7BA57A5D97B0}.Release|Any CPU.ActiveCfg = Release|x64
		{BDE705FE-427A-45DC-8365-7BA57A5D97B0}.Release|Any CPU.Build.0 = Release|x64
		{BDE705FE-427A-45DC-8365-7BA57A5D97B0}.Release|x64.ActiveCfg = Release|x64
		{BDE705FE-427A-45DC-8365-7BA57A5D97B0}.Release|x64.Build.0 = Release|x64
		{BDE705FE-427A-45DC-8365-7BA57A5D97B0}.Release|x86.ActiveCfg = Release|Win32
		{BDE705FE-427A-45DC-8365-7BA57A5D97B0}.Release|x86.Build.0 = Release|Win32
		{E998191C-E87B-4554-B9C4-A8EF9E412243}.Debug|Any CPU.ActiveCfg = Debug|x64
		{E998191C-E87B-4554-B9C4-A8EF9E412243}.Debug|Any CPU.Build.0 = Debug|x64
		{E998191C-E87B-4554-B9C4-A8EF9E412243}.Debug|x64.ActiveCfg = Debug|x64
		{E998191C-E87B-4554-B9C4-A8EF9E412243}.Debug|x64.Build.0 = Debug|x64
		{E998191C-E87B-4554-B9C4-A8EF9E412243}.Debug|x86.ActiveCfg = Debug|Win32
		{E998191C-E87B-4554-B9C4-A8EF9E412243}.Debug|x86.Build.0 = Debug|Win32
		{E998191C-E87B-4554-B9C4-A8EF9E412243}.Release|Any CPU.ActiveCfg = Release|x64
		{E998191C-E87B-4554-B9C4-A8EF9E412243}.Release|Any CPU.Build.0 = Release|x64
		{E998191C-E87B-4554-B9C4-A8EF9E412243}.Release|x64.ActiveCfg = Release|x64
		{E998191C-E87B-4554-B9C4-A8EF9E412243}.Release|x64.Build.0 = Release|x64
		{E998191C-E87B-4554-B9C4-A8EF9E412243}.Release|x86.ActiveCfg = Release|Win32
		{E998191C-E87B-4554-B9C4-A8EF9E412243}.Release|x86.Build.0 = Release|Win32
		{92FB4E50-C023-4EE7-B8E1-352EF5E2BC14}.Debug|Any CPU.ActiveCfg = Debug|x64
		{92FB4E50-C023-4EE7-B8E1-352EF5E2BC14}.Debug|Any CPU.Build.0 = Debug|x64
		{92FB4E50-C023-4EE7-B8E1-352EF5E2BC14}.Debug|x64.ActiveCfg = Debug|x64
		{92FB4E50-C023-4EE7-B8E1-352EF5E2BC14}.Debug|x64.Build.0 = Debug|x64
		{92FB4E50-C023-4EE7-B8E1-352EF5E2BC14}.Debug|x86.ActiveCfg = Debug|Win32
		{92FB4E50-C023-4EE7-B8E1-352EF5E2BC14}.Debug|x86.Build.0 = Debug|Win32
		{92FB4E50-C023-4EE7-B8E1-352EF5E2BC14}.Release|Any CPU.ActiveCfg = Release|x64
		{92FB4E50-C023-4EE7-B8E1-352EF5E2BC14}.Release|Any CPU.Build.0 = Release|x64
		{92FB4E50-C023-4EE7-B8E1-352EF5E2BC14}.Release|x64.ActiveCfg = Release|x64
		{92FB4E50-C023-4EE7-B8E1-352EF5E2BC14}.Release|x64.Build.0 = Release|x64
		{92FB4E50-C023-4EE7-B8E1-352EF5E2BC14}.Release|x86.ActiveCfg = Release|Win32
		{92FB4E50-C023-4EE7-B8E1-352EF5E2BC14}.Release|x86.Build.0 = Release|Win32
	EndGlobalSection
	GlobalSection(SolutionProperties) = preSolution
		HideSolutionNode = FALSE
	EndGlobalSection
	GlobalSection(ExtensibilityGlobals) = postSolution
		SolutionGuid = {AFFBCFDC-7DCC-4040-8209-79D527CE27C7}
	EndGlobalSection
EndGlobal
